
Microsoft Visual Studio Solution File, Format Version 12.00
# Visual Studio Version 17
VisualStudioVersion = 17.8.34330.188
MinimumVisualStudioVersion = 10.0.40219.1
Project("{FAE04EC0-301F-11D3-BF4B-00C04F79EFBC}") = "WebDriver task 2 (nunit)", "WebDriver task 2 (nunit).csproj", "{8567D410-81E3-4E91-A133-6B35CDE1AA83}"
EndProject
Global
	GlobalSection(SolutionConfigurationPlatforms) = preSolution
		Debug|Any CPU = Debug|Any CPU
		Release|Any CPU = Release|Any CPU
	EndGlobalSection
	GlobalSection(ProjectConfigurationPlatforms) = postSolution
		{8567D410-81E3-4E91-A133-6B35CDE1AA83}.Debug|Any CPU.ActiveCfg = Debug|Any CPU
		{8567D410-81E3-4E91-A133-6B35CDE1AA83}.Debug|Any CPU.Build.0 = Debug|Any CPU
		{8567D410-81E3-4E91-A133-6B35CDE1AA83}.Release|Any CPU.ActiveCfg = Release|Any CPU
		{8567D410-81E3-4E91-A133-6B35CDE1AA83}.Release|Any CPU.Build.0 = Release|Any CPU
	EndGlobalSection
	GlobalSection(SolutionProperties) = preSolution
		HideSolutionNode = FALSE
	EndGlobalSection
	GlobalSection(ExtensibilityGlobals) = postSolution
		SolutionGuid = {55BEB681-5DE3-4BE8-97DE-2F5F5DAF61B9}
	EndGlobalSection
EndGlobal
